<?xml version="1.0" encoding="utf-8"?>
<Project ToolsVersion="4.0" xmlns="http://schemas.microsoft.com/developer/msbuild/2003">
  <ItemGroup>
    <Filter Include="Resource">
      <UniqueIdentifier>{afea18ab-a8a1-4f4c-b7cb-b61d1db7c846}</UniqueIdentifier>
    </Filter>
    <Filter Include="Shader">
      <UniqueIdentifier>{255ca603-ac79-4a2f-818e-a546ec0e808a}</UniqueIdentifier>
    </Filter>
    <Filter Include="Source">
      <UniqueIdentifier>{4bb2e0f8-e892-497a-b3d0-a752e79c20fa}</UniqueIdentifier>
    </Filter>
    <Filter Include="Source\Game">
      <UniqueIdentifier>{fcb3b083-99fb-44f6-91af-df2cd2d5a15f}</UniqueIdentifier>
    </Filter>
    <Filter Include="Source\GameObject">
      <UniqueIdentifier>{e3b58cda-250f-4d6b-a528-a24abe9aba64}</UniqueIdentifier>
    </Filter>
    <Filter Include="Source\Main">
      <UniqueIdentifier>{e8b421b4-b595-4d12-a5bb-c9d77af68932}</UniqueIdentifier>
    </Filter>
    <Filter Include="Source\GameObject\StaticMeshObject">
      <UniqueIdentifier>{c115b3d2-026a-40be-b5a2-02f83decb695}</UniqueIdentifier>
    </Filter>
    <Filter Include="Source\GameObject\SpriteObject">
      <UniqueIdentifier>{cca73fca-1a9b-4392-8b37-bffb05ad32a7}</UniqueIdentifier>
    </Filter>
    <Filter Include="Source\GameObject\StaticMeshObject\Character">
      <UniqueIdentifier>{dcd0ea19-724e-4625-8448-3d91af7dbd22}</UniqueIdentifier>
    </Filter>
    <Filter Include="Source\GameObject\StaticMeshObject\Character\Player">
      <UniqueIdentifier>{040bd5ec-7ee6-45f0-ad0b-b09e571c4f23}</UniqueIdentifier>
    </Filter>
    <Filter Include="Source\GameObject\StaticMeshObject\Ground">
      <UniqueIdentifier>{c0909161-a275-4022-abee-68c4d2751ed4}</UniqueIdentifier>
    </Filter>
    <Filter Include="Source\BoundingSphere">
      <UniqueIdentifier>{fed4633c-ed5b-4e9f-ba05-83315a3f326f}</UniqueIdentifier>
    </Filter>
    <Filter Include="Source\Effect">
      <UniqueIdentifier>{e40c6298-c0aa-4516-93c4-44ff036cc619}</UniqueIdentifier>
    </Filter>
    <Filter Include="Source\Ray">
      <UniqueIdentifier>{0e6bb0f7-e448-43fd-a433-9d5e15a472b0}</UniqueIdentifier>
    </Filter>
    <Filter Include="Source\test">
      <UniqueIdentifier>{f4b84c26-64af-4f11-ba8d-a5316f5de62d}</UniqueIdentifier>
    </Filter>
  </ItemGroup>
  <ItemGroup>
    <ClCompile Include="Source\stdafx.cpp">
      <Filter>Source</Filter>
    </ClCompile>
    <ClCompile Include="Source\WinMain.cpp">
      <Filter>Source</Filter>
    </ClCompile>
    <ClCompile Include="Source\Game\CGame.cpp">
      <Filter>Source\Game</Filter>
    </ClCompile>
    <ClCompile Include="Source\Main\CMain.cpp">
      <Filter>Source\Main</Filter>
    </ClCompile>
    <ClCompile Include="Source\GameObject\StaticMeshObject\Character\Player\PlayerTank\CPlayer.cpp">
      <Filter>Source\GameObject\StaticMeshObject\Character\Player</Filter>
    </ClCompile>
    <ClCompile Include="Source\GameObject\StaticMeshObject\CStaticMeshObject.cpp">
      <Filter>Source\GameObject\StaticMeshObject</Filter>
    </ClCompile>
    <ClCompile Include="Source\GameObject\StaticMeshObject\Character\CCharacter.cpp">
      <Filter>Source\GameObject\StaticMeshObject\Character</Filter>
    </ClCompile>
    <ClCompile Include="Source\GameObject\StaticMeshObject\Ground\CGround.cpp">
      <Filter>Source\GameObject\StaticMeshObject\Ground</Filter>
    </ClCompile>
    <ClCompile Include="Source\Collision\Shape\Volume\BoundingSphere\CBoundingSphere.cpp">
      <Filter>Source\BoundingSphere</Filter>
    </ClCompile>
    <ClCompile Include="Source\Assets\Effect\CEffect.cpp">
      <Filter>Source\Effect</Filter>
    </ClCompile>
    <ClCompile Include="Source\Collision\Shape\Ray\CRay.cpp">
      <Filter>Source\Ray</Filter>
    </ClCompile>
    <ClCompile Include="Source\Tameshi\test.cpp">
      <Filter>Source\test</Filter>
    </ClCompile>
    <ClCompile Include="Source\GameObject\StaticMeshObject\Character\Player\PlayerTank\TankBody\CBody.cpp" />
    <ClCompile Include="Source\Collision\Shape\Volume\BoudingBox\CBoundingBox.cpp" />
    <ClCompile Include="Source\Camera\CCamera.cpp" />
    <ClCompile Include="Source\GameObject\StaticMeshObject\Character\Player\PlayerTank\TankCannon\CCannon.cpp" />
    <ClCompile Include="Source\GameObject\StaticMeshObject\Character\COM\CComPlayer.cpp" />
    <ClCompile Include="Source\SceneManager\SceneBase\GameMain\CGameMain.cpp" />
    <ClCompile Include="Source\SceneManager\SceneBase\GameResult\CGameResult.cpp" />
    <ClCompile Include="Source\SceneManager\SceneBase\GameSetting\CGameSettings.cpp" />
    <ClCompile Include="Source\SceneManager\SceneBase\GameTitle\CGameTitle.cpp" />
    <ClCompile Include="Source\ImGui\CImguiManager.cpp" />
    <ClCompile Include="Source\InputDevice\Matuoka\CInputKeyManager.cpp" />
    <ClCompile Include="Source\InputDevice\Input\CInputManager.cpp" />
    <ClCompile Include="Source\GameObject\StaticMeshObject\ItemBoxManager\ItemBox\CItemBox.cpp" />
    <ClCompile Include="Source\GameObject\StaticMeshObject\ItemBoxManager\CItemBoxManager.cpp" />
    <ClCompile Include="Source\InputDevice\Input\KeyInput\CKeyInput.cpp" />
    <ClCompile Include="Source\GameObject\StaticMeshObject\Character\Player\PlayerManager\CPlayerManager.cpp" />
    <ClCompile Include="Source\SceneManager\SceneBase\CSceneBase.cpp" />
    <ClCompile Include="Source\SceneManager\CSceneManager.cpp" />
    <ClCompile Include="Source\GameObject\StaticMeshObject\Shot\ShotManager\CShotManager.cpp" />
    <ClCompile Include="Source\Tameshi\CTameshi.cpp" />
    <ClCompile Include="Source\InputDevice\Input\XInput\CXInput.cpp" />
    <ClCompile Include="Source\SceneManager\SceneBase\GameDebug\GameDebug.cpp" />
    <ClCompile Include="Source\GameObject\CGameObject.cpp" />
    <ClCompile Include="Source\InputDevice\Matuoka\CMultiInputKeyManager.cpp" />
    <ClCompile Include="Source\GameObject\UI\ChoiceImage\CChoiceImage.cpp" />
    <ClCompile Include="Source\GameObject\UI\CUIObject\CUIObject.cpp" />
    <ClCompile Include="Source\GameObject\UI\ImageObject\CImageObject.cpp" />
    <ClCompile Include="Source\GameObject\UI\SelectIcon\CSelectIcon.cpp" />
    <ClCompile Include="Source\GameObject\UI\Timer\CTimer.cpp" />
    <ClCompile Include="Source\Assets\DirectX\DirectX9\CDirectX9.cpp" />
    <ClCompile Include="Source\Assets\DirectX\DirectX11\CDirectX11.cpp" />
    <ClCompile Include="Source\Assets\DebugText\CDebugText.cpp" />
    <ClCompile Include="Source\Assets\Sound\CSound.cpp" />
    <ClCompile Include="Source\Assets\Sound\CSoundManager.cpp" />
    <ClCompile Include="Source\Assets\Mesh\StaticMesh\CStaticMesh.cpp" />
    <ClCompile Include="Source\Assets\Sprite\Sprite2D\CSprite2D.cpp" />
    <ClCompile Include="Source\Assets\Sprite\Sprite3D\CSprite3D.cpp" />
    <ClCompile Include="Source\GameObject\SpriteObject\CSpriteObject.cpp" />
    <ClCompile Include="Source\GameObject\SpriteObject\Explosion\CExplosion.cpp" />
    <ClCompile Include="Source\GameObject\StaticMeshObject\Shot\CShot.cpp" />
    <ClCompile Include="Source\Collision\Collider\CCollider.cpp" />
    <ClCompile Include="Source\Collision\CollisionManager\CCollisionManager.cpp" />
  </ItemGroup>
  <ItemGroup>
    <ClInclude Include="Source\Global.h">
      <Filter>Source</Filter>
    </ClInclude>
    <ClInclude Include="Source\MyMacro.h">
      <Filter>Source</Filter>
    </ClInclude>
    <ClInclude Include="Source\stdafx.h">
      <Filter>Source</Filter>
    </ClInclude>
    <ClInclude Include="Source\Game\CGame.h">
      <Filter>Source\Game</Filter>
    </ClInclude>
    <ClInclude Include="Source\Main\CMain.h">
      <Filter>Source\Main</Filter>
    </ClInclude>
    <ClInclude Include="Source\GameObject\StaticMeshObject\Character\Player\PlayerTank\CPlayer.h">
      <Filter>Source\GameObject\StaticMeshObject\Character\Player</Filter>
    </ClInclude>
    <ClInclude Include="Source\GameObject\StaticMeshObject\CStaticMeshObject.h">
      <Filter>Source\GameObject\StaticMeshObject</Filter>
    </ClInclude>
    <ClInclude Include="Source\GameObject\StaticMeshObject\Character\CCharacter.h">
      <Filter>Source\GameObject\StaticMeshObject\Character</Filter>
    </ClInclude>
    <ClInclude Include="Source\GameObject\StaticMeshObject\Ground\CGround.h">
      <Filter>Source\GameObject\StaticMeshObject\Ground</Filter>
    </ClInclude>
    <ClInclude Include="Source\Assets\Effect\CEffect.h">
      <Filter>Source\Effect</Filter>
    </ClInclude>
    <ClInclude Include="Source\Collision\Shape\Ray\CRay.h">
      <Filter>Source\Ray</Filter>
    </ClInclude>
    <ClInclude Include="Source\GameObject\StaticMeshObject\Character\Player\PlayerTank\TankBody\CBody.h" />
    <ClInclude Include="Source\Collision\Shape\Volume\BoudingBox\CBoundingBox.h" />
    <ClInclude Include="Source\Camera\CCamera.h" />
    <ClInclude Include="Source\GameObject\StaticMeshObject\Character\Player\PlayerTank\TankCannon\CCannon.h" />
    <ClInclude Include="Source\GameObject\StaticMeshObject\Character\COM\CComPlayer.h" />
    <ClInclude Include="Source\SceneManager\SceneBase\GameMain\CGameMain.h" />
    <ClInclude Include="Source\SceneManager\SceneBase\GameResult\CGameResult.h" />
    <ClInclude Include="Source\SceneManager\SceneBase\GameSetting\CGameSettings.h" />
    <ClInclude Include="Source\SceneManager\SceneBase\GameTitle\CGameTitle.h" />
    <ClInclude Include="Source\ImGui\CImguiManager.h" />
    <ClInclude Include="Source\InputDevice\Matuoka\CInputKeyManager.h" />
    <ClInclude Include="Source\InputDevice\Input\CInputManager.h" />
    <ClInclude Include="Source\GameObject\StaticMeshObject\ItemBoxManager\ItemBox\CItemBox.h" />
    <ClInclude Include="Source\GameObject\StaticMeshObject\ItemBoxManager\CItemBoxManager.h" />
    <ClInclude Include="Source\InputDevice\Input\KeyInput\CKeyInput.h" />
    <ClInclude Include="Source\SceneManager\SceneBase\GameDebug\GameDebug.h" />
    <ClInclude Include="Source\GameObject\StaticMeshObject\ItemBoxManager\ItemBoxType\ItemType.h" />
    <ClInclude Include="Source\Tameshi\CTameshi.h" />
    <ClInclude Include="Source\InputDevice\Input\XInput\CXInput.h" />
    <ClInclude Include="Source\GameObject\StaticMeshObject\Shot\ShotManager\CShotManager.h" />
    <ClInclude Include="Source\SceneManager\SceneBase\CSceneBase.h" />
    <ClInclude Include="Source\SceneManager\CSceneManager.h" />
    <ClInclude Include="Source\SceneManager\SceneType\CSceneType.h" />
    <ClInclude Include="Source\InputDevice\Matuoka\CMultiInputKeyManager.h" />
    <ClInclude Include="Source\GameObject\StaticMeshObject\Character\Player\PlayerManager\CPlayerManager.h" />
    <ClInclude Include="Source\Collision\Shape\Volume\BoundingSphere\CBoundingSphere.h" />
    <ClInclude Include="Source\GameObject\CGameObject.h" />
    <ClInclude Include="Source\GameObject\UI\ChoiceImage\CChoiceImage.h" />
    <ClInclude Include="Source\GameObject\UI\CUIObject\CUIObject.h" />
    <ClInclude Include="Source\GameObject\UI\ImageObject\CImageObject.h" />
    <ClInclude Include="Source\GameObject\UI\SelectIcon\CSelectIcon.h" />
    <ClInclude Include="Source\GameObject\UI\Timer\CTimer.h" />
    <ClInclude Include="Source\Assets\DirectX\DirectX9\CDirectX9.h" />
    <ClInclude Include="Source\Assets\DirectX\DirectX11\CDirectX11.h" />
    <ClInclude Include="Source\Assets\DebugText\CDebugText.h" />
    <ClInclude Include="Source\Assets\Sound\CSound.h" />
    <ClInclude Include="Source\Assets\Sound\CSoundManager.h" />
    <ClInclude Include="Source\Assets\Mesh\StaticMesh\CStaticMesh.h" />
    <ClInclude Include="Source\Assets\Sprite\Sprite2D\CSprite2D.h" />
    <ClInclude Include="Source\Assets\Sprite\Sprite3D\CSprite3D.h" />
    <ClInclude Include="Source\GameObject\SpriteObject\CSpriteObject.h" />
    <ClInclude Include="Source\GameObject\SpriteObject\Explosion\CExplosion.h" />
    <ClInclude Include="Source\GameObject\StaticMeshObject\Shot\CShot.h" />
    <ClInclude Include="Source\Collision\Collider\CCollider.h" />
    <ClInclude Include="Source\Collision\CollisionManager\CCollisionManager.h" />
  </ItemGroup>
  <ItemGroup>
    <FxCompile Include="Data\Shader\Sprite3D.hlsl">
      <Filter>Shader</Filter>
    </FxCompile>
    <FxCompile Include="Data\Shader\Sprite2D.hlsl">
      <Filter>Shader</Filter>
    </FxCompile>
    <FxCompile Include="Data\Shader\DebugText.hlsl">
      <Filter>Shader</Filter>
    </FxCompile>
    <FxCompile Include="Data\Shader\StaticMesh.hlsl">
      <Filter>Shader</Filter>
    </FxCompile>
    <FxCompile Include="Data\Shader\SkinMesh.hlsl">
      <Filter>Shader</Filter>
    </FxCompile>
    <FxCompile Include="Data\Shader\Ray.hlsl">
      <Filter>Shader</Filter>
    </FxCompile>
  </ItemGroup>
</Project>