<?xml version="1.0" encoding="utf-8"?>
<Project ToolsVersion="4.0" xmlns="http://schemas.microsoft.com/developer/msbuild/2003">
  <ItemGroup>
    <FxCompile Include="Data\Shader\DebugText.hlsl" />
    <FxCompile Include="Data\Shader\Ray.hlsl" />
    <FxCompile Include="Data\Shader\SkinMesh.hlsl" />
    <FxCompile Include="Data\Shader\Sprite2D.hlsl" />
    <FxCompile Include="Data\Shader\Sprite3D.hlsl" />
    <FxCompile Include="Data\Shader\StaticMesh.hlsl" />
  </ItemGroup>
  <ItemGroup>
    <ClCompile Include="Data\ImGui\Library\imgui.cpp" />
    <ClCompile Include="Data\ImGui\Library\imgui_demo.cpp" />
    <ClCompile Include="Data\ImGui\Library\imgui_draw.cpp" />
    <ClCompile Include="Data\ImGui\Library\imgui_impl_dx11.cpp" />
    <ClCompile Include="Data\ImGui\Library\imgui_impl_win32.cpp" />
    <ClCompile Include="Data\ImGui\Library\imgui_tables.cpp" />
    <ClCompile Include="Data\ImGui\Library\imgui_widgets.cpp" />
    <ClCompile Include="Source\Assets\DebugText\CDebugText.cpp" />
    <ClCompile Include="Source\Assets\DirectX\DirectX11\CDirectX11.cpp" />
    <ClCompile Include="Source\Assets\DirectX\DirectX9\CDirectX9.cpp" />
    <ClCompile Include="Source\Assets\Mesh\StaticMesh\CStaticMesh.cpp" />
    <ClCompile Include="Source\Assets\Sound\CSound.cpp" />
    <ClCompile Include="Source\Assets\Sound\CSoundManager.cpp" />
    <ClCompile Include="Source\Assets\Sprite\Sprite2D\CSprite2D.cpp" />
    <ClCompile Include="Source\Assets\Sprite\Sprite3D\CSprite3D.cpp" />
    <ClCompile Include="Source\Collision\Collider\BoxCollider\CBoxCollider.cpp" />
    <ClCompile Include="Source\Collision\Collider\CCollider.cpp" />
    <ClCompile Include="Source\Collision\Collider\SphereCollider\CSphereCollider.cpp" />
    <ClCompile Include="Source\Collision\CollisionManager\CCollisionManager.cpp" />
    <ClCompile Include="Source\Collision\Ray\CRay.cpp" />
    <ClCompile Include="Source\Collision\Shape\Volume\BoudingBox\CBoundingBox.cpp" />
    <ClCompile Include="Source\Collision\Shape\Volume\BoundingSphere\CBoundingSphere.cpp" />
    <ClCompile Include="Source\Camera\CCamera.cpp" />
    <ClCompile Include="Source\GameObject\StaticMeshObject\Character\CCharacter.cpp" />
    <ClCompile Include="Source\Assets\Effect\CEffect.cpp" />
    <ClCompile Include="Source\GameObject\StaticMeshObject\StageObject\CStageObject.cpp" />
    <ClCompile Include="Source\SceneManager\SceneBase\GameMain\CGameMain.cpp" />
    <ClCompile Include="Source\SceneManager\SceneBase\GameResult\CGameResult.cpp" />
    <ClCompile Include="Source\SceneManager\SceneBase\GameSetting\CGameSettings.cpp" />
    <ClCompile Include="Source\SceneManager\SceneBase\GameTitle\CGameTitle.cpp" />
    <ClCompile Include="Source\GameObject\StaticMeshObject\Ground\CGround.cpp" />
    <ClCompile Include="Source\ImGui\CImguiManager.cpp" />
    <ClCompile Include="Source\InputDevice\Key\InputManager\CInputKeyManager.cpp" />
    <ClCompile Include="Source\InputDevice\Input\CInputManager.cpp" />
    <ClCompile Include="Source\GameObject\StaticMeshObject\ItemBoxManager\ItemBox\CItemBox.cpp" />
    <ClCompile Include="Source\GameObject\StaticMeshObject\ItemBoxManager\CItemBoxManager.cpp" />
    <ClCompile Include="Source\InputDevice\Input\KeyInput\CKeyInput.cpp" />
    <ClCompile Include="Source\InputDevice\Key\CMultiInputManager\CMultiInputKeyManager.cpp" />
    <ClCompile Include="Source\Collision\Shape\Ray\CRay.cpp" />
    <ClCompile Include="Source\SceneManager\SceneBase\CSceneBase.cpp" />
    <ClCompile Include="Source\SceneManager\CSceneManager.cpp" />
    <ClCompile Include="Source\GameObject\StaticMeshObject\Shot\CShot.cpp" />
    <ClCompile Include="Source\GameObject\StaticMeshObject\Shot\ShotManager\CShotManager.cpp" />
    <ClCompile Include="Source\Game\CGame.cpp" />
    <ClCompile Include="Source\Main\CMain.cpp" />
    <ClCompile Include="Source\GameObject\StaticMeshObject\CStaticMeshObject.cpp" />
    <ClCompile Include="Source\InputDevice\Input\XInput\CXInput.cpp" />
    <ClCompile Include="Source\SceneManager\SceneBase\GameDebug\GameDebug.cpp" />
    <ClCompile Include="Source\GameObject\CGameObject.cpp" />
    <ClCompile Include="Source\GameObject\SpriteObject\CSpriteObject.cpp" />
    <ClCompile Include="Source\GameObject\SpriteObject\Explosion\CExplosion.cpp" />
    <ClCompile Include="Source\GameObject\UI\ChoiceImage\CChoiceImage.cpp" />
    <ClCompile Include="Source\GameObject\UI\CUIObject\CUIObject.cpp" />
    <ClCompile Include="Source\GameObject\UI\ImageObject\CImageObject.cpp" />
    <ClCompile Include="Source\GameObject\UI\SelectIcon\CSelectIcon.cpp" />
    <ClCompile Include="Source\GameObject\UI\Timer\CTimer.cpp" />
    <ClCompile Include="Source\stdafx.cpp" />
    <ClCompile Include="Source\Vector3.cpp" />
    <ClCompile Include="Source\WinMain.cpp" />
    <ClCompile Include="Source\Collision\BlastCollision\CBlastCollision.cpp" />
    <ClCompile Include="Source\Collision\BlastCollision\BlastCollisionManager\CBlastCollisionManager.cpp" />
    <ClCompile Include="Source\SceneManager\SceneBase\GameTitle\TitleProduction\CTitleProduction.cpp" />
    <ClCompile Include="Source\InputDevice\Input\Controller\CController.cpp" />
    <ClCompile Include="Source\InputDevice\Input\Controller\ControllerManager\CControllerManager.cpp" />
    <ClCompile Include="Source\SceneManager\SceneBase\GameResult\ResultProduction\CResultProduction.cpp" />
    <ClCompile Include="Source\Assets\Data\Singleton\GameDataManager\CGameDataManager.cpp" />
    <ClCompile Include="Source\GameObject\StaticMeshObject\Character\CharacterObject\CCharacterObject.cpp" />
    <ClCompile Include="Source\GameObject\StaticMeshObject\Character\CharacterObject\COM\CChase\CChase.cpp" />
    <ClCompile Include="Source\GameObject\StaticMeshObject\Character\CharacterObject\Player\PlayerTank\TankBody\CBody.cpp" />
    <ClCompile Include="Source\GameObject\StaticMeshObject\Character\CharacterObject\Player\PlayerTank\TankCannon\CCannon.cpp" />
    <ClCompile Include="Source\GameObject\StaticMeshObject\Character\CharacterObject\COM\CComPlayer.cpp" />
    <ClCompile Include="Source\GameObject\StaticMeshObject\Character\CharacterObject\Player\PlayerTank\CPlayer.cpp" />
    <ClCompile Include="Source\GameObject\StaticMeshObject\Character\CharacterObject\Player\CharacterManager\CCharacterManager.cpp" />
    <ClCompile Include="Source\GameObject\StaticMeshObject\Character\TitleOnlyPlayer\CTitleOnlyPlayer.cpp" />
  </ItemGroup>
  <ItemGroup>
    <ClInclude Include="Source\Assets\DebugText\CDebugText.h" />
    <ClInclude Include="Source\Assets\DirectX\DirectX11\CDirectX11.h" />
    <ClInclude Include="Source\Assets\DirectX\DirectX9\CDirectX9.h" />
    <ClInclude Include="Source\Assets\Mesh\StaticMesh\CStaticMesh.h" />
    <ClInclude Include="Source\Assets\Sound\CSound.h" />
    <ClInclude Include="Source\Assets\Sound\CSoundManager.h" />
    <ClInclude Include="Source\Assets\Sprite\Sprite2D\CSprite2D.h" />
    <ClInclude Include="Source\Assets\Sprite\Sprite3D\CSprite3D.h" />
    <ClInclude Include="Source\Collision\Collider\BoxCollider\CBoxCollider.h" />
    <ClInclude Include="Source\Collision\Collider\CCollider.h" />
    <ClInclude Include="Source\Collision\Collider\SphereCollider\CSphereCollider.h" />
    <ClInclude Include="Source\Collision\CollisionManager\CCollisionManager.h" />
    <ClInclude Include="Source\Collision\Ray\CRay.h" />
    <ClInclude Include="Source\Collision\Shape\Volume\BoudingBox\CBoundingBox.h" />
    <ClInclude Include="Source\Collision\Shape\Volume\BoundingSphere\CBoundingSphere.h" />
    <ClInclude Include="Source\Camera\CCamera.h" />
    <ClInclude Include="Source\GameObject\StaticMeshObject\Character\CCharacter.h" />
    <ClInclude Include="Source\Assets\Effect\CEffect.h" />
    <ClInclude Include="Source\GameObject\StaticMeshObject\StageObject\CStageObject.h" />
    <ClInclude Include="Source\SceneManager\SceneBase\GameMain\CGameMain.h" />
    <ClInclude Include="Source\SceneManager\SceneBase\GameResult\CGameResult.h" />
    <ClInclude Include="Source\SceneManager\SceneBase\GameSetting\CGameSettings.h" />
    <ClInclude Include="Source\SceneManager\SceneBase\GameTitle\CGameTitle.h" />
    <ClInclude Include="Source\GameObject\StaticMeshObject\Ground\CGround.h" />
    <ClInclude Include="Source\ImGui\CImguiManager.h" />
    <ClInclude Include="Source\InputDevice\Key\InputManager\CInputKeyManager.h" />
    <ClInclude Include="Source\InputDevice\Input\CInputManager.h" />
    <ClInclude Include="Source\GameObject\StaticMeshObject\ItemBoxManager\ItemBox\CItemBox.h" />
    <ClInclude Include="Source\GameObject\StaticMeshObject\ItemBoxManager\CItemBoxManager.h" />
    <ClInclude Include="Source\InputDevice\Input\KeyInput\CKeyInput.h" />
    <ClInclude Include="Source\InputDevice\Key\CMultiInputManager\CMultiInputKeyManager.h" />
    <ClInclude Include="Source\Collision\Shape\Ray\CRay.h" />
    <ClInclude Include="Source\SceneManager\SceneBase\CSceneBase.h" />
    <ClInclude Include="Source\SceneManager\CSceneManager.h" />
    <ClInclude Include="Source\SceneManager\SceneType\CSceneType.h" />
    <ClInclude Include="Source\GameObject\StaticMeshObject\Shot\CShot.h" />
    <ClInclude Include="Source\GameObject\StaticMeshObject\Shot\ShotManager\CShotManager.h" />
    <ClInclude Include="Source\Game\CGame.h" />
    <ClInclude Include="Source\Main\CMain.h" />
    <ClInclude Include="Source\GameObject\StaticMeshObject\CStaticMeshObject.h" />
    <ClInclude Include="Source\InputDevice\Input\XInput\CXInput.h" />
    <ClInclude Include="Source\SceneManager\SceneBase\GameDebug\GameDebug.h" />
    <ClInclude Include="Source\GameObject\CGameObject.h" />
    <ClInclude Include="Source\GameObject\SpriteObject\CSpriteObject.h" />
    <ClInclude Include="Source\GameObject\SpriteObject\Explosion\CExplosion.h" />
    <ClInclude Include="Source\GameObject\UI\ChoiceImage\CChoiceImage.h" />
    <ClInclude Include="Source\GameObject\UI\CUIObject\CUIObject.h" />
    <ClInclude Include="Source\GameObject\UI\ImageObject\CImageObject.h" />
    <ClInclude Include="Source\GameObject\UI\SelectIcon\CSelectIcon.h" />
    <ClInclude Include="Source\GameObject\UI\Timer\CTimer.h" />
    <ClInclude Include="Source\Global.h" />
    <ClInclude Include="Source\GameObject\StaticMeshObject\ItemBoxManager\ItemBoxType\ItemType.h" />
    <ClInclude Include="Source\MyMacro.h" />
    <ClInclude Include="Source\stdafx.h" />
    <ClInclude Include="Source\Vector3.h" />
    <ClInclude Include="Source\Collision\BlastCollision\CBlastCollision.h" />
    <ClInclude Include="Source\Collision\BlastCollision\BlastCollisionManager\CBlastCollisionManager.h" />
    <ClInclude Include="Source\SceneManager\SceneBase\GameTitle\TitleProduction\CTitleProduction.h" />
    <ClInclude Include="Source\InputDevice\Input\Controller\CController.h" />
    <ClInclude Include="Source\InputDevice\Input\Controller\ControllerManager\CControllerManager.h" />
    <ClInclude Include="Source\SceneManager\SceneBase\GameResult\ResultProduction\CResultProduction.h" />
    <ClInclude Include="Source\Assets\Data\Singleton\GameDataManager\CGameDataManager.h" />
    <ClInclude Include="Source\Assets\Data\Singleton\CSingleton.h" />
    <ClInclude Include="Source\GameObject\StaticMeshObject\Character\CharacterObject\CCharacterObject.h" />
    <ClInclude Include="Source\GameObject\StaticMeshObject\Character\CharacterObject\COM\CChase\CChase.h" />
    <ClInclude Include="Source\GameObject\StaticMeshObject\Character\CharacterObject\Player\PlayerTank\TankBody\CBody.h" />
    <ClInclude Include="Source\GameObject\StaticMeshObject\Character\CharacterObject\Player\PlayerTank\TankCannon\CCannon.h" />
    <ClInclude Include="Source\GameObject\StaticMeshObject\Character\CharacterObject\COM\CComPlayer.h" />
    <ClInclude Include="Source\GameObject\StaticMeshObject\Character\CharacterObject\Player\PlayerTank\CPlayer.h" />
    <ClInclude Include="Source\GameObject\StaticMeshObject\Character\CharacterObject\Player\CharacterManager\CCharacterManager.h" />
    <ClInclude Include="Source\GameObject\StaticMeshObject\Character\TitleOnlyPlayer\CTitleOnlyPlayer.h" />
    <ClInclude Include="Data\ImGui\Library\imconfig.h" />
    <ClInclude Include="Data\ImGui\Library\imgui.h" />
    <ClInclude Include="Data\ImGui\Library\imgui_impl_dx11.h" />
    <ClInclude Include="Data\ImGui\Library\imgui_impl_win32.h" />
    <ClInclude Include="Data\ImGui\Library\imgui_internal.h" />
    <ClInclude Include="Data\ImGui\Library\imstb_rectpack.h" />
    <ClInclude Include="Data\ImGui\Library\imstb_textedit.h" />
    <ClInclude Include="Data\ImGui\Library\imstb_truetype.h" />
  </ItemGroup>
  <ItemGroup>
    <Font Include="Data\ImGui\Font\arial.ttf" />
    <Font Include="Data\ImGui\Font\arialbd.ttf" />
    <Font Include="Data\ImGui\Font\arialbi.ttf" />
    <Font Include="Data\ImGui\Font\ariali.ttf" />
    <Font Include="Data\ImGui\Font\ariblk.ttf" />
    <Font Include="Data\ImGui\Font\NotoSansJP-SemiBold.ttf" />
  </ItemGroup>
</Project>